// !$*UTF8*$!
{
	archiveVersion = 1;
	classes = {
	};
	objectVersion = 56;
	objects = {

/* Begin PBXBuildFile section */
		AA1A16812AF8D64B001B7149 /* HomeView.swift in Sources */ = {isa = PBXBuildFile; fileRef = AA1A16802AF8D64B001B7149 /* HomeView.swift */; };
		AA3A82A02B1DAF96005D2C32 /* SectionHeader.swift in Sources */ = {isa = PBXBuildFile; fileRef = AA3A829F2B1DAF95005D2C32 /* SectionHeader.swift */; };
		AA3A82A22B1DB06C005D2C32 /* HomeSessionRowViewModifier.swift in Sources */ = {isa = PBXBuildFile; fileRef = AA3A82A12B1DB06C005D2C32 /* HomeSessionRowViewModifier.swift */; };
		AA3A82A42B1DB0E7005D2C32 /* ActionButtonViewModifier.swift in Sources */ = {isa = PBXBuildFile; fileRef = AA3A82A32B1DB0E7005D2C32 /* ActionButtonViewModifier.swift */; };
		AA3A82A92B1DC9A2005D2C32 /* ShowSessionRow.swift in Sources */ = {isa = PBXBuildFile; fileRef = AA3A82A82B1DC9A2005D2C32 /* ShowSessionRow.swift */; };
		AA3A82AB2B1DD875005D2C32 /* AccessoryToggleViewModifier.swift in Sources */ = {isa = PBXBuildFile; fileRef = AA3A82AA2B1DD875005D2C32 /* AccessoryToggleViewModifier.swift */; };
		AA3A82AD2B1DD91F005D2C32 /* ShowSessionRowViewModifier.swift in Sources */ = {isa = PBXBuildFile; fileRef = AA3A82AC2B1DD91F005D2C32 /* ShowSessionRowViewModifier.swift */; };
		AA3F479F2AFE099C00E55B9D /* DateFormatter.swift in Sources */ = {isa = PBXBuildFile; fileRef = AA3F479E2AFE099C00E55B9D /* DateFormatter.swift */; };
		AA3F47A32AFE1EB100E55B9D /* ActivitySet+extension.swift in Sources */ = {isa = PBXBuildFile; fileRef = AA3F47A22AFE1EB100E55B9D /* ActivitySet+extension.swift */; };
		AA3F47A52AFE55C400E55B9D /* Binding+extension.swift in Sources */ = {isa = PBXBuildFile; fileRef = AA3F47A42AFE55C400E55B9D /* Binding+extension.swift */; };
		AA4223F82AF8E62B0023E55B /* NewSessionView.swift in Sources */ = {isa = PBXBuildFile; fileRef = AA4223F72AF8E62B0023E55B /* NewSessionView.swift */; };
		AA439D432AEF9C7600D2D383 /* Workout_TrackerApp.swift in Sources */ = {isa = PBXBuildFile; fileRef = AA439D422AEF9C7600D2D383 /* Workout_TrackerApp.swift */; };
		AA439D452AEF9C7600D2D383 /* ContentView.swift in Sources */ = {isa = PBXBuildFile; fileRef = AA439D442AEF9C7600D2D383 /* ContentView.swift */; };
		AA439D472AEF9C7800D2D383 /* Assets.xcassets in Resources */ = {isa = PBXBuildFile; fileRef = AA439D462AEF9C7800D2D383 /* Assets.xcassets */; };
		AA439D4A2AEF9C7800D2D383 /* Preview Assets.xcassets in Resources */ = {isa = PBXBuildFile; fileRef = AA439D492AEF9C7800D2D383 /* Preview Assets.xcassets */; };
		AA439D4C2AEF9C7800D2D383 /* Persistence.swift in Sources */ = {isa = PBXBuildFile; fileRef = AA439D4B2AEF9C7800D2D383 /* Persistence.swift */; };
		AA439D4F2AEF9C7800D2D383 /* Workout_Tracker.xcdatamodeld in Sources */ = {isa = PBXBuildFile; fileRef = AA439D4D2AEF9C7800D2D383 /* Workout_Tracker.xcdatamodeld */; };
		AA439D592AEF9C7900D2D383 /* Workout_TrackerTests.swift in Sources */ = {isa = PBXBuildFile; fileRef = AA439D582AEF9C7900D2D383 /* Workout_TrackerTests.swift */; };
		AA439D632AEF9C7900D2D383 /* Workout_TrackerUITests.swift in Sources */ = {isa = PBXBuildFile; fileRef = AA439D622AEF9C7900D2D383 /* Workout_TrackerUITests.swift */; };
		AA439D652AEF9C7900D2D383 /* Workout_TrackerUITestsLaunchTests.swift in Sources */ = {isa = PBXBuildFile; fileRef = AA439D642AEF9C7900D2D383 /* Workout_TrackerUITestsLaunchTests.swift */; };
		AA639A342B19737900B9B560 /* EditSessionView.swift in Sources */ = {isa = PBXBuildFile; fileRef = AA639A332B19737900B9B560 /* EditSessionView.swift */; };
		AA8CCAC82B109A4B00A972A9 /* Workout.swift in Sources */ = {isa = PBXBuildFile; fileRef = AA8CCAC72B109A4B00A972A9 /* Workout.swift */; };
		AA8CCACA2B10C05900A972A9 /* ActivityUnit.swift in Sources */ = {isa = PBXBuildFile; fileRef = AA8CCAC92B10C05900A972A9 /* ActivityUnit.swift */; };
		AAA229532B01DFCE0088A7EA /* ActivitySetRowView.swift in Sources */ = {isa = PBXBuildFile; fileRef = AAA229522B01DFCE0088A7EA /* ActivitySetRowView.swift */; };
		AAA229572B020E5D0088A7EA /* ActivityRowView.swift in Sources */ = {isa = PBXBuildFile; fileRef = AAA229562B020E5D0088A7EA /* ActivityRowView.swift */; };
		AAB9BD8E2B031ED700FFD585 /* ShowSessionView.swift in Sources */ = {isa = PBXBuildFile; fileRef = AAB9BD8D2B031ED700FFD585 /* ShowSessionView.swift */; };
		AAB9BD902B03474E00FFD585 /* NumberFormatter+extension.swift in Sources */ = {isa = PBXBuildFile; fileRef = AAB9BD8F2B03474E00FFD585 /* NumberFormatter+extension.swift */; };
		AAB9BD922B03505A00FFD585 /* HomeSessionRowView.swift in Sources */ = {isa = PBXBuildFile; fileRef = AAB9BD912B03505A00FFD585 /* HomeSessionRowView.swift */; };
		AAC980FF2AFDD13900816BE9 /* Session+extension.swift in Sources */ = {isa = PBXBuildFile; fileRef = AAC980FE2AFDD13900816BE9 /* Session+extension.swift */; };
		AAC981012AFDD14300816BE9 /* Exercise+extension.swift in Sources */ = {isa = PBXBuildFile; fileRef = AAC981002AFDD14300816BE9 /* Exercise+extension.swift */; };
		AAC981032AFDD14D00816BE9 /* Activity+extension.swift in Sources */ = {isa = PBXBuildFile; fileRef = AAC981022AFDD14D00816BE9 /* Activity+extension.swift */; };
		AAD760322AFB64C100CC6DA9 /* SelectActivitiesView.swift in Sources */ = {isa = PBXBuildFile; fileRef = AAD760312AFB64C100CC6DA9 /* SelectActivitiesView.swift */; };
		AAF777212B15D57B00B2B3C1 /* PersistenceController+extension.swift in Sources */ = {isa = PBXBuildFile; fileRef = AAF777202B15D57B00B2B3C1 /* PersistenceController+extension.swift */; };
		AAF777232B15DE2D00B2B3C1 /* Workout-Data.json in Resources */ = {isa = PBXBuildFile; fileRef = AAF777222B15DE2D00B2B3C1 /* Workout-Data.json */; };
		AAF777252B16296100B2B3C1 /* Workout-Data-Preview.json in Resources */ = {isa = PBXBuildFile; fileRef = AAF777242B16296100B2B3C1 /* Workout-Data-Preview.json */; };
		AAFCD2942B107A480092BC97 /* ExercisesView.swift in Sources */ = {isa = PBXBuildFile; fileRef = AAFCD2932B107A480092BC97 /* ExercisesView.swift */; };
		AAFCD2962B1082980092BC97 /* ShowExerciseView.swift in Sources */ = {isa = PBXBuildFile; fileRef = AAFCD2952B1082980092BC97 /* ShowExerciseView.swift */; };
		AAFCD2982B1089360092BC97 /* NewExerciseView.swift in Sources */ = {isa = PBXBuildFile; fileRef = AAFCD2972B1089360092BC97 /* NewExerciseView.swift */; };
/* End PBXBuildFile section */

/* Begin PBXContainerItemProxy section */
		AA439D552AEF9C7900D2D383 /* PBXContainerItemProxy */ = {
			isa = PBXContainerItemProxy;
			containerPortal = AA439D372AEF9C7600D2D383 /* Project object */;
			proxyType = 1;
			remoteGlobalIDString = AA439D3E2AEF9C7600D2D383;
			remoteInfo = "Workout Tracker";
		};
		AA439D5F2AEF9C7900D2D383 /* PBXContainerItemProxy */ = {
			isa = PBXContainerItemProxy;
			containerPortal = AA439D372AEF9C7600D2D383 /* Project object */;
			proxyType = 1;
			remoteGlobalIDString = AA439D3E2AEF9C7600D2D383;
			remoteInfo = "Workout Tracker";
		};
/* End PBXContainerItemProxy section */

/* Begin PBXFileReference section */
		AA1A16802AF8D64B001B7149 /* HomeView.swift */ = {isa = PBXFileReference; lastKnownFileType = sourcecode.swift; path = HomeView.swift; sourceTree = "<group>"; };
		AA3A829F2B1DAF95005D2C32 /* SectionHeader.swift */ = {isa = PBXFileReference; lastKnownFileType = sourcecode.swift; path = SectionHeader.swift; sourceTree = "<group>"; };
		AA3A82A12B1DB06C005D2C32 /* HomeSessionRowViewModifier.swift */ = {isa = PBXFileReference; lastKnownFileType = sourcecode.swift; path = HomeSessionRowViewModifier.swift; sourceTree = "<group>"; };
		AA3A82A32B1DB0E7005D2C32 /* ActionButtonViewModifier.swift */ = {isa = PBXFileReference; lastKnownFileType = sourcecode.swift; path = ActionButtonViewModifier.swift; sourceTree = "<group>"; };
		AA3A82A82B1DC9A2005D2C32 /* ShowSessionRow.swift */ = {isa = PBXFileReference; lastKnownFileType = sourcecode.swift; path = ShowSessionRow.swift; sourceTree = "<group>"; };
		AA3A82AA2B1DD875005D2C32 /* AccessoryToggleViewModifier.swift */ = {isa = PBXFileReference; lastKnownFileType = sourcecode.swift; path = AccessoryToggleViewModifier.swift; sourceTree = "<group>"; };
		AA3A82AC2B1DD91F005D2C32 /* ShowSessionRowViewModifier.swift */ = {isa = PBXFileReference; lastKnownFileType = sourcecode.swift; path = ShowSessionRowViewModifier.swift; sourceTree = "<group>"; };
		AA3F479E2AFE099C00E55B9D /* DateFormatter.swift */ = {isa = PBXFileReference; lastKnownFileType = sourcecode.swift; path = DateFormatter.swift; sourceTree = "<group>"; };
		AA3F47A22AFE1EB100E55B9D /* ActivitySet+extension.swift */ = {isa = PBXFileReference; lastKnownFileType = sourcecode.swift; path = "ActivitySet+extension.swift"; sourceTree = "<group>"; };
		AA3F47A42AFE55C400E55B9D /* Binding+extension.swift */ = {isa = PBXFileReference; lastKnownFileType = sourcecode.swift; path = "Binding+extension.swift"; sourceTree = "<group>"; };
		AA4223F72AF8E62B0023E55B /* NewSessionView.swift */ = {isa = PBXFileReference; lastKnownFileType = sourcecode.swift; path = NewSessionView.swift; sourceTree = "<group>"; };
		AA439D3F2AEF9C7600D2D383 /* Workout Tracker.app */ = {isa = PBXFileReference; explicitFileType = wrapper.application; includeInIndex = 0; path = "Workout Tracker.app"; sourceTree = BUILT_PRODUCTS_DIR; };
		AA439D422AEF9C7600D2D383 /* Workout_TrackerApp.swift */ = {isa = PBXFileReference; lastKnownFileType = sourcecode.swift; path = Workout_TrackerApp.swift; sourceTree = "<group>"; };
		AA439D442AEF9C7600D2D383 /* ContentView.swift */ = {isa = PBXFileReference; lastKnownFileType = sourcecode.swift; path = ContentView.swift; sourceTree = "<group>"; };
		AA439D462AEF9C7800D2D383 /* Assets.xcassets */ = {isa = PBXFileReference; lastKnownFileType = folder.assetcatalog; path = Assets.xcassets; sourceTree = "<group>"; };
		AA439D492AEF9C7800D2D383 /* Preview Assets.xcassets */ = {isa = PBXFileReference; lastKnownFileType = folder.assetcatalog; path = "Preview Assets.xcassets"; sourceTree = "<group>"; };
		AA439D4B2AEF9C7800D2D383 /* Persistence.swift */ = {isa = PBXFileReference; lastKnownFileType = sourcecode.swift; path = Persistence.swift; sourceTree = "<group>"; };
		AA439D4E2AEF9C7800D2D383 /* Workout_Tracker.xcdatamodel */ = {isa = PBXFileReference; lastKnownFileType = wrapper.xcdatamodel; path = Workout_Tracker.xcdatamodel; sourceTree = "<group>"; };
		AA439D542AEF9C7900D2D383 /* Workout TrackerTests.xctest */ = {isa = PBXFileReference; explicitFileType = wrapper.cfbundle; includeInIndex = 0; path = "Workout TrackerTests.xctest"; sourceTree = BUILT_PRODUCTS_DIR; };
		AA439D582AEF9C7900D2D383 /* Workout_TrackerTests.swift */ = {isa = PBXFileReference; lastKnownFileType = sourcecode.swift; path = Workout_TrackerTests.swift; sourceTree = "<group>"; };
		AA439D5E2AEF9C7900D2D383 /* Workout TrackerUITests.xctest */ = {isa = PBXFileReference; explicitFileType = wrapper.cfbundle; includeInIndex = 0; path = "Workout TrackerUITests.xctest"; sourceTree = BUILT_PRODUCTS_DIR; };
		AA439D622AEF9C7900D2D383 /* Workout_TrackerUITests.swift */ = {isa = PBXFileReference; lastKnownFileType = sourcecode.swift; path = Workout_TrackerUITests.swift; sourceTree = "<group>"; };
		AA439D642AEF9C7900D2D383 /* Workout_TrackerUITestsLaunchTests.swift */ = {isa = PBXFileReference; lastKnownFileType = sourcecode.swift; path = Workout_TrackerUITestsLaunchTests.swift; sourceTree = "<group>"; };
		AA639A332B19737900B9B560 /* EditSessionView.swift */ = {isa = PBXFileReference; lastKnownFileType = sourcecode.swift; path = EditSessionView.swift; sourceTree = "<group>"; };
		AA8CCAC72B109A4B00A972A9 /* Workout.swift */ = {isa = PBXFileReference; lastKnownFileType = sourcecode.swift; path = Workout.swift; sourceTree = "<group>"; };
		AA8CCAC92B10C05900A972A9 /* ActivityUnit.swift */ = {isa = PBXFileReference; lastKnownFileType = sourcecode.swift; path = ActivityUnit.swift; sourceTree = "<group>"; };
		AA8CCAD52B10C58F00A972A9 /* Workout_Tracker 2.xcdatamodel */ = {isa = PBXFileReference; lastKnownFileType = wrapper.xcdatamodel; path = "Workout_Tracker 2.xcdatamodel"; sourceTree = "<group>"; };
		AAA229522B01DFCE0088A7EA /* ActivitySetRowView.swift */ = {isa = PBXFileReference; lastKnownFileType = sourcecode.swift; path = ActivitySetRowView.swift; sourceTree = "<group>"; };
		AAA229562B020E5D0088A7EA /* ActivityRowView.swift */ = {isa = PBXFileReference; lastKnownFileType = sourcecode.swift; path = ActivityRowView.swift; sourceTree = "<group>"; };
		AAB9BD8D2B031ED700FFD585 /* ShowSessionView.swift */ = {isa = PBXFileReference; lastKnownFileType = sourcecode.swift; path = ShowSessionView.swift; sourceTree = "<group>"; };
		AAB9BD8F2B03474E00FFD585 /* NumberFormatter+extension.swift */ = {isa = PBXFileReference; lastKnownFileType = sourcecode.swift; path = "NumberFormatter+extension.swift"; sourceTree = "<group>"; };
		AAB9BD912B03505A00FFD585 /* HomeSessionRowView.swift */ = {isa = PBXFileReference; lastKnownFileType = sourcecode.swift; path = HomeSessionRowView.swift; sourceTree = "<group>"; };
		AAC980FE2AFDD13900816BE9 /* Session+extension.swift */ = {isa = PBXFileReference; lastKnownFileType = sourcecode.swift; path = "Session+extension.swift"; sourceTree = "<group>"; };
		AAC981002AFDD14300816BE9 /* Exercise+extension.swift */ = {isa = PBXFileReference; lastKnownFileType = sourcecode.swift; path = "Exercise+extension.swift"; sourceTree = "<group>"; };
		AAC981022AFDD14D00816BE9 /* Activity+extension.swift */ = {isa = PBXFileReference; lastKnownFileType = sourcecode.swift; path = "Activity+extension.swift"; sourceTree = "<group>"; };
		AAD760312AFB64C100CC6DA9 /* SelectActivitiesView.swift */ = {isa = PBXFileReference; lastKnownFileType = sourcecode.swift; path = SelectActivitiesView.swift; sourceTree = "<group>"; };
		AAF777202B15D57B00B2B3C1 /* PersistenceController+extension.swift */ = {isa = PBXFileReference; lastKnownFileType = sourcecode.swift; path = "PersistenceController+extension.swift"; sourceTree = "<group>"; };
		AAF777222B15DE2D00B2B3C1 /* Workout-Data.json */ = {isa = PBXFileReference; lastKnownFileType = text.json; path = "Workout-Data.json"; sourceTree = "<group>"; xcLanguageSpecificationIdentifier = xcode.lang.json; };
		AAF777242B16296100B2B3C1 /* Workout-Data-Preview.json */ = {isa = PBXFileReference; lastKnownFileType = text.json; path = "Workout-Data-Preview.json"; sourceTree = "<group>"; };
		AAFCD2932B107A480092BC97 /* ExercisesView.swift */ = {isa = PBXFileReference; lastKnownFileType = sourcecode.swift; path = ExercisesView.swift; sourceTree = "<group>"; };
		AAFCD2952B1082980092BC97 /* ShowExerciseView.swift */ = {isa = PBXFileReference; lastKnownFileType = sourcecode.swift; path = ShowExerciseView.swift; sourceTree = "<group>"; };
		AAFCD2972B1089360092BC97 /* NewExerciseView.swift */ = {isa = PBXFileReference; lastKnownFileType = sourcecode.swift; path = NewExerciseView.swift; sourceTree = "<group>"; };
/* End PBXFileReference section */

/* Begin PBXFrameworksBuildPhase section */
		AA439D3C2AEF9C7600D2D383 /* Frameworks */ = {
			isa = PBXFrameworksBuildPhase;
			buildActionMask = 2147483647;
			files = (
			);
			runOnlyForDeploymentPostprocessing = 0;
		};
		AA439D512AEF9C7900D2D383 /* Frameworks */ = {
			isa = PBXFrameworksBuildPhase;
			buildActionMask = 2147483647;
			files = (
			);
			runOnlyForDeploymentPostprocessing = 0;
		};
		AA439D5B2AEF9C7900D2D383 /* Frameworks */ = {
			isa = PBXFrameworksBuildPhase;
			buildActionMask = 2147483647;
			files = (
			);
			runOnlyForDeploymentPostprocessing = 0;
		};
/* End PBXFrameworksBuildPhase section */

/* Begin PBXGroup section */
		AA3A829E2B1DAF27005D2C32 /* Custom View Modifier */ = {
			isa = PBXGroup;
			children = (
				AA3A829F2B1DAF95005D2C32 /* SectionHeader.swift */,
				AA3A82AC2B1DD91F005D2C32 /* ShowSessionRowViewModifier.swift */,
				AA3A82A12B1DB06C005D2C32 /* HomeSessionRowViewModifier.swift */,
				AA3A82A32B1DB0E7005D2C32 /* ActionButtonViewModifier.swift */,
				AA3A82AA2B1DD875005D2C32 /* AccessoryToggleViewModifier.swift */,
			);
			path = "Custom View Modifier";
			sourceTree = "<group>";
		};
		AA3F479D2AFE097900E55B9D /* Helper */ = {
			isa = PBXGroup;
			children = (
				AA3F479E2AFE099C00E55B9D /* DateFormatter.swift */,
				AAB9BD8F2B03474E00FFD585 /* NumberFormatter+extension.swift */,
				AA3F47A42AFE55C400E55B9D /* Binding+extension.swift */,
			);
			path = Helper;
			sourceTree = "<group>";
		};
		AA439D362AEF9C7600D2D383 = {
			isa = PBXGroup;
			children = (
				AA439D412AEF9C7600D2D383 /* Workout Tracker */,
				AA439D572AEF9C7900D2D383 /* Workout TrackerTests */,
				AA439D612AEF9C7900D2D383 /* Workout TrackerUITests */,
				AA439D402AEF9C7600D2D383 /* Products */,
			);
			sourceTree = "<group>";
		};
		AA439D402AEF9C7600D2D383 /* Products */ = {
			isa = PBXGroup;
			children = (
				AA439D3F2AEF9C7600D2D383 /* Workout Tracker.app */,
				AA439D542AEF9C7900D2D383 /* Workout TrackerTests.xctest */,
				AA439D5E2AEF9C7900D2D383 /* Workout TrackerUITests.xctest */,
			);
			name = Products;
			sourceTree = "<group>";
		};
		AA439D412AEF9C7600D2D383 /* Workout Tracker */ = {
			isa = PBXGroup;
			children = (
				AA439D422AEF9C7600D2D383 /* Workout_TrackerApp.swift */,
				AAD760302AFB5B6700CC6DA9 /* View */,
				AAD760332AFB6A3D00CC6DA9 /* Model */,
				AAD7602F2AFB5B5200CC6DA9 /* Core Data */,
				AA3F479D2AFE097900E55B9D /* Helper */,
				AAD7603E2AFB6E4B00CC6DA9 /* Resources */,
				AA439D482AEF9C7800D2D383 /* Preview Content */,
			);
			path = "Workout Tracker";
			sourceTree = "<group>";
		};
		AA439D482AEF9C7800D2D383 /* Preview Content */ = {
			isa = PBXGroup;
			children = (
				AA439D492AEF9C7800D2D383 /* Preview Assets.xcassets */,
			);
			path = "Preview Content";
			sourceTree = "<group>";
		};
		AA439D572AEF9C7900D2D383 /* Workout TrackerTests */ = {
			isa = PBXGroup;
			children = (
				AA439D582AEF9C7900D2D383 /* Workout_TrackerTests.swift */,
			);
			path = "Workout TrackerTests";
			sourceTree = "<group>";
		};
		AA439D612AEF9C7900D2D383 /* Workout TrackerUITests */ = {
			isa = PBXGroup;
			children = (
				AA439D622AEF9C7900D2D383 /* Workout_TrackerUITests.swift */,
				AA439D642AEF9C7900D2D383 /* Workout_TrackerUITestsLaunchTests.swift */,
			);
			path = "Workout TrackerUITests";
			sourceTree = "<group>";
		};
		AAB9BD8C2B031EB000FFD585 /* Row */ = {
			isa = PBXGroup;
			children = (
				AA3A82A82B1DC9A2005D2C32 /* ShowSessionRow.swift */,
				AAB9BD912B03505A00FFD585 /* HomeSessionRowView.swift */,
				AAA229562B020E5D0088A7EA /* ActivityRowView.swift */,
				AAA229522B01DFCE0088A7EA /* ActivitySetRowView.swift */,
			);
			path = Row;
			sourceTree = "<group>";
		};
		AAD7602F2AFB5B5200CC6DA9 /* Core Data */ = {
			isa = PBXGroup;
			children = (
				AA439D4B2AEF9C7800D2D383 /* Persistence.swift */,
				AAF777202B15D57B00B2B3C1 /* PersistenceController+extension.swift */,
				AA439D4D2AEF9C7800D2D383 /* Workout_Tracker.xcdatamodeld */,
			);
			path = "Core Data";
			sourceTree = "<group>";
		};
		AAD760302AFB5B6700CC6DA9 /* View */ = {
			isa = PBXGroup;
			children = (
				AA439D442AEF9C7600D2D383 /* ContentView.swift */,
				AA1A16802AF8D64B001B7149 /* HomeView.swift */,
				AAB9BD8D2B031ED700FFD585 /* ShowSessionView.swift */,
				AA4223F72AF8E62B0023E55B /* NewSessionView.swift */,
				AA639A332B19737900B9B560 /* EditSessionView.swift */,
				AAD760312AFB64C100CC6DA9 /* SelectActivitiesView.swift */,
				AAFCD2992B10893F0092BC97 /* Exercise Tab */,
				AAB9BD8C2B031EB000FFD585 /* Row */,
				AA3A829E2B1DAF27005D2C32 /* Custom View Modifier */,
			);
			path = View;
			sourceTree = "<group>";
		};
		AAD760332AFB6A3D00CC6DA9 /* Model */ = {
			isa = PBXGroup;
			children = (
				AAC981022AFDD14D00816BE9 /* Activity+extension.swift */,
				AAC981002AFDD14300816BE9 /* Exercise+extension.swift */,
				AAC980FE2AFDD13900816BE9 /* Session+extension.swift */,
				AA3F47A22AFE1EB100E55B9D /* ActivitySet+extension.swift */,
				AA8CCAC72B109A4B00A972A9 /* Workout.swift */,
			);
			path = Model;
			sourceTree = "<group>";
		};
		AAD7603E2AFB6E4B00CC6DA9 /* Resources */ = {
			isa = PBXGroup;
			children = (
				AA439D462AEF9C7800D2D383 /* Assets.xcassets */,
				AA8CCAC92B10C05900A972A9 /* ActivityUnit.swift */,
				AAF777222B15DE2D00B2B3C1 /* Workout-Data.json */,
				AAF777242B16296100B2B3C1 /* Workout-Data-Preview.json */,
			);
			path = Resources;
			sourceTree = "<group>";
		};
		AAFCD2992B10893F0092BC97 /* Exercise Tab */ = {
			isa = PBXGroup;
			children = (
				AAFCD2932B107A480092BC97 /* ExercisesView.swift */,
				AAFCD2952B1082980092BC97 /* ShowExerciseView.swift */,
				AAFCD2972B1089360092BC97 /* NewExerciseView.swift */,
			);
			path = "Exercise Tab";
			sourceTree = "<group>";
		};
/* End PBXGroup section */

/* Begin PBXNativeTarget section */
		AA439D3E2AEF9C7600D2D383 /* Workout Tracker */ = {
			isa = PBXNativeTarget;
			buildConfigurationList = AA439D682AEF9C7900D2D383 /* Build configuration list for PBXNativeTarget "Workout Tracker" */;
			buildPhases = (
				AA439D3B2AEF9C7600D2D383 /* Sources */,
				AA439D3C2AEF9C7600D2D383 /* Frameworks */,
				AA439D3D2AEF9C7600D2D383 /* Resources */,
			);
			buildRules = (
			);
			dependencies = (
			);
			name = "Workout Tracker";
			productName = "Workout Tracker";
			productReference = AA439D3F2AEF9C7600D2D383 /* Workout Tracker.app */;
			productType = "com.apple.product-type.application";
		};
		AA439D532AEF9C7900D2D383 /* Workout TrackerTests */ = {
			isa = PBXNativeTarget;
			buildConfigurationList = AA439D6B2AEF9C7900D2D383 /* Build configuration list for PBXNativeTarget "Workout TrackerTests" */;
			buildPhases = (
				AA439D502AEF9C7900D2D383 /* Sources */,
				AA439D512AEF9C7900D2D383 /* Frameworks */,
				AA439D522AEF9C7900D2D383 /* Resources */,
			);
			buildRules = (
			);
			dependencies = (
				AA439D562AEF9C7900D2D383 /* PBXTargetDependency */,
			);
			name = "Workout TrackerTests";
			productName = "Workout TrackerTests";
			productReference = AA439D542AEF9C7900D2D383 /* Workout TrackerTests.xctest */;
			productType = "com.apple.product-type.bundle.unit-test";
		};
		AA439D5D2AEF9C7900D2D383 /* Workout TrackerUITests */ = {
			isa = PBXNativeTarget;
			buildConfigurationList = AA439D6E2AEF9C7900D2D383 /* Build configuration list for PBXNativeTarget "Workout TrackerUITests" */;
			buildPhases = (
				AA439D5A2AEF9C7900D2D383 /* Sources */,
				AA439D5B2AEF9C7900D2D383 /* Frameworks */,
				AA439D5C2AEF9C7900D2D383 /* Resources */,
			);
			buildRules = (
			);
			dependencies = (
				AA439D602AEF9C7900D2D383 /* PBXTargetDependency */,
			);
			name = "Workout TrackerUITests";
			productName = "Workout TrackerUITests";
			productReference = AA439D5E2AEF9C7900D2D383 /* Workout TrackerUITests.xctest */;
			productType = "com.apple.product-type.bundle.ui-testing";
		};
/* End PBXNativeTarget section */

/* Begin PBXProject section */
		AA439D372AEF9C7600D2D383 /* Project object */ = {
			isa = PBXProject;
			attributes = {
				BuildIndependentTargetsInParallel = 1;
				LastSwiftUpdateCheck = 1420;
				LastUpgradeCheck = 1420;
				TargetAttributes = {
					AA439D3E2AEF9C7600D2D383 = {
						CreatedOnToolsVersion = 14.2;
					};
					AA439D532AEF9C7900D2D383 = {
						CreatedOnToolsVersion = 14.2;
						TestTargetID = AA439D3E2AEF9C7600D2D383;
					};
					AA439D5D2AEF9C7900D2D383 = {
						CreatedOnToolsVersion = 14.2;
						TestTargetID = AA439D3E2AEF9C7600D2D383;
					};
				};
			};
			buildConfigurationList = AA439D3A2AEF9C7600D2D383 /* Build configuration list for PBXProject "Workout Tracker" */;
			compatibilityVersion = "Xcode 14.0";
			developmentRegion = en;
			hasScannedForEncodings = 0;
			knownRegions = (
				en,
				Base,
			);
			mainGroup = AA439D362AEF9C7600D2D383;
			productRefGroup = AA439D402AEF9C7600D2D383 /* Products */;
			projectDirPath = "";
			projectRoot = "";
			targets = (
				AA439D3E2AEF9C7600D2D383 /* Workout Tracker */,
				AA439D532AEF9C7900D2D383 /* Workout TrackerTests */,
				AA439D5D2AEF9C7900D2D383 /* Workout TrackerUITests */,
			);
		};
/* End PBXProject section */

/* Begin PBXResourcesBuildPhase section */
		AA439D3D2AEF9C7600D2D383 /* Resources */ = {
			isa = PBXResourcesBuildPhase;
			buildActionMask = 2147483647;
			files = (
				AAF777232B15DE2D00B2B3C1 /* Workout-Data.json in Resources */,
				AA439D4A2AEF9C7800D2D383 /* Preview Assets.xcassets in Resources */,
				AAF777252B16296100B2B3C1 /* Workout-Data-Preview.json in Resources */,
				AA439D472AEF9C7800D2D383 /* Assets.xcassets in Resources */,
			);
			runOnlyForDeploymentPostprocessing = 0;
		};
		AA439D522AEF9C7900D2D383 /* Resources */ = {
			isa = PBXResourcesBuildPhase;
			buildActionMask = 2147483647;
			files = (
			);
			runOnlyForDeploymentPostprocessing = 0;
		};
		AA439D5C2AEF9C7900D2D383 /* Resources */ = {
			isa = PBXResourcesBuildPhase;
			buildActionMask = 2147483647;
			files = (
			);
			runOnlyForDeploymentPostprocessing = 0;
		};
/* End PBXResourcesBuildPhase section */

/* Begin PBXSourcesBuildPhase section */
		AA439D3B2AEF9C7600D2D383 /* Sources */ = {
			isa = PBXSourcesBuildPhase;
			buildActionMask = 2147483647;
			files = (
				AA3A82AB2B1DD875005D2C32 /* AccessoryToggleViewModifier.swift in Sources */,
				AA3A82A92B1DC9A2005D2C32 /* ShowSessionRow.swift in Sources */,
				AAA229572B020E5D0088A7EA /* ActivityRowView.swift in Sources */,
				AAC980FF2AFDD13900816BE9 /* Session+extension.swift in Sources */,
				AA4223F82AF8E62B0023E55B /* NewSessionView.swift in Sources */,
				AAFCD2962B1082980092BC97 /* ShowExerciseView.swift in Sources */,
				AA3A82A22B1DB06C005D2C32 /* HomeSessionRowViewModifier.swift in Sources */,
				AAC981032AFDD14D00816BE9 /* Activity+extension.swift in Sources */,
				AAC981012AFDD14300816BE9 /* Exercise+extension.swift in Sources */,
				AAA229532B01DFCE0088A7EA /* ActivitySetRowView.swift in Sources */,
				AAB9BD902B03474E00FFD585 /* NumberFormatter+extension.swift in Sources */,
				AA439D4C2AEF9C7800D2D383 /* Persistence.swift in Sources */,
				AAF777212B15D57B00B2B3C1 /* PersistenceController+extension.swift in Sources */,
				AAB9BD8E2B031ED700FFD585 /* ShowSessionView.swift in Sources */,
				AA8CCACA2B10C05900A972A9 /* ActivityUnit.swift in Sources */,
				AA3A82A42B1DB0E7005D2C32 /* ActionButtonViewModifier.swift in Sources */,
				AA3A82A02B1DAF96005D2C32 /* SectionHeader.swift in Sources */,
				AA439D452AEF9C7600D2D383 /* ContentView.swift in Sources */,
				AA8CCAC82B109A4B00A972A9 /* Workout.swift in Sources */,
				AAD760322AFB64C100CC6DA9 /* SelectActivitiesView.swift in Sources */,
				AAB9BD922B03505A00FFD585 /* HomeSessionRowView.swift in Sources */,
				AAFCD2942B107A480092BC97 /* ExercisesView.swift in Sources */,
				AA3A82AD2B1DD91F005D2C32 /* ShowSessionRowViewModifier.swift in Sources */,
				AA3F47A52AFE55C400E55B9D /* Binding+extension.swift in Sources */,
				AA3F47A32AFE1EB100E55B9D /* ActivitySet+extension.swift in Sources */,
				AA639A342B19737900B9B560 /* EditSessionView.swift in Sources */,
				AA439D4F2AEF9C7800D2D383 /* Workout_Tracker.xcdatamodeld in Sources */,
				AAFCD2982B1089360092BC97 /* NewExerciseView.swift in Sources */,
				AA3F479F2AFE099C00E55B9D /* DateFormatter.swift in Sources */,
				AA1A16812AF8D64B001B7149 /* HomeView.swift in Sources */,
				AA439D432AEF9C7600D2D383 /* Workout_TrackerApp.swift in Sources */,
			);
			runOnlyForDeploymentPostprocessing = 0;
		};
		AA439D502AEF9C7900D2D383 /* Sources */ = {
			isa = PBXSourcesBuildPhase;
			buildActionMask = 2147483647;
			files = (
				AA439D592AEF9C7900D2D383 /* Workout_TrackerTests.swift in Sources */,
			);
			runOnlyForDeploymentPostprocessing = 0;
		};
		AA439D5A2AEF9C7900D2D383 /* Sources */ = {
			isa = PBXSourcesBuildPhase;
			buildActionMask = 2147483647;
			files = (
				AA439D632AEF9C7900D2D383 /* Workout_TrackerUITests.swift in Sources */,
				AA439D652AEF9C7900D2D383 /* Workout_TrackerUITestsLaunchTests.swift in Sources */,
			);
			runOnlyForDeploymentPostprocessing = 0;
		};
/* End PBXSourcesBuildPhase section */

/* Begin PBXTargetDependency section */
		AA439D562AEF9C7900D2D383 /* PBXTargetDependency */ = {
			isa = PBXTargetDependency;
			target = AA439D3E2AEF9C7600D2D383 /* Workout Tracker */;
			targetProxy = AA439D552AEF9C7900D2D383 /* PBXContainerItemProxy */;
		};
		AA439D602AEF9C7900D2D383 /* PBXTargetDependency */ = {
			isa = PBXTargetDependency;
			target = AA439D3E2AEF9C7600D2D383 /* Workout Tracker */;
			targetProxy = AA439D5F2AEF9C7900D2D383 /* PBXContainerItemProxy */;
		};
/* End PBXTargetDependency section */

/* Begin XCBuildConfiguration section */
		AA439D662AEF9C7900D2D383 /* Debug */ = {
			isa = XCBuildConfiguration;
			buildSettings = {
				ALWAYS_SEARCH_USER_PATHS = NO;
				CLANG_ANALYZER_NONNULL = YES;
				CLANG_ANALYZER_NUMBER_OBJECT_CONVERSION = YES_AGGRESSIVE;
				CLANG_CXX_LANGUAGE_STANDARD = "gnu++20";
				CLANG_ENABLE_MODULES = YES;
				CLANG_ENABLE_OBJC_ARC = YES;
				CLANG_ENABLE_OBJC_WEAK = YES;
				CLANG_WARN_BLOCK_CAPTURE_AUTORELEASING = YES;
				CLANG_WARN_BOOL_CONVERSION = YES;
				CLANG_WARN_COMMA = YES;
				CLANG_WARN_CONSTANT_CONVERSION = YES;
				CLANG_WARN_DEPRECATED_OBJC_IMPLEMENTATIONS = YES;
				CLANG_WARN_DIRECT_OBJC_ISA_USAGE = YES_ERROR;
				CLANG_WARN_DOCUMENTATION_COMMENTS = YES;
				CLANG_WARN_EMPTY_BODY = YES;
				CLANG_WARN_ENUM_CONVERSION = YES;
				CLANG_WARN_INFINITE_RECURSION = YES;
				CLANG_WARN_INT_CONVERSION = YES;
				CLANG_WARN_NON_LITERAL_NULL_CONVERSION = YES;
				CLANG_WARN_OBJC_IMPLICIT_RETAIN_SELF = YES;
				CLANG_WARN_OBJC_LITERAL_CONVERSION = YES;
				CLANG_WARN_OBJC_ROOT_CLASS = YES_ERROR;
				CLANG_WARN_QUOTED_INCLUDE_IN_FRAMEWORK_HEADER = YES;
				CLANG_WARN_RANGE_LOOP_ANALYSIS = YES;
				CLANG_WARN_STRICT_PROTOTYPES = YES;
				CLANG_WARN_SUSPICIOUS_MOVE = YES;
				CLANG_WARN_UNGUARDED_AVAILABILITY = YES_AGGRESSIVE;
				CLANG_WARN_UNREACHABLE_CODE = YES;
				CLANG_WARN__DUPLICATE_METHOD_MATCH = YES;
				COPY_PHASE_STRIP = NO;
				DEBUG_INFORMATION_FORMAT = dwarf;
				ENABLE_STRICT_OBJC_MSGSEND = YES;
				ENABLE_TESTABILITY = YES;
				GCC_C_LANGUAGE_STANDARD = gnu11;
				GCC_DYNAMIC_NO_PIC = NO;
				GCC_NO_COMMON_BLOCKS = YES;
				GCC_OPTIMIZATION_LEVEL = 0;
				GCC_PREPROCESSOR_DEFINITIONS = (
					"DEBUG=1",
					"$(inherited)",
				);
				GCC_WARN_64_TO_32_BIT_CONVERSION = YES;
				GCC_WARN_ABOUT_RETURN_TYPE = YES_ERROR;
				GCC_WARN_UNDECLARED_SELECTOR = YES;
				GCC_WARN_UNINITIALIZED_AUTOS = YES_AGGRESSIVE;
				GCC_WARN_UNUSED_FUNCTION = YES;
				GCC_WARN_UNUSED_VARIABLE = YES;
				IPHONEOS_DEPLOYMENT_TARGET = 15.0;
				MTL_ENABLE_DEBUG_INFO = INCLUDE_SOURCE;
				MTL_FAST_MATH = YES;
				ONLY_ACTIVE_ARCH = YES;
				SDKROOT = iphoneos;
				SWIFT_ACTIVE_COMPILATION_CONDITIONS = DEBUG;
				SWIFT_OPTIMIZATION_LEVEL = "-Onone";
			};
			name = Debug;
		};
		AA439D672AEF9C7900D2D383 /* Release */ = {
			isa = XCBuildConfiguration;
			buildSettings = {
				ALWAYS_SEARCH_USER_PATHS = NO;
				CLANG_ANALYZER_NONNULL = YES;
				CLANG_ANALYZER_NUMBER_OBJECT_CONVERSION = YES_AGGRESSIVE;
				CLANG_CXX_LANGUAGE_STANDARD = "gnu++20";
				CLANG_ENABLE_MODULES = YES;
				CLANG_ENABLE_OBJC_ARC = YES;
				CLANG_ENABLE_OBJC_WEAK = YES;
				CLANG_WARN_BLOCK_CAPTURE_AUTORELEASING = YES;
				CLANG_WARN_BOOL_CONVERSION = YES;
				CLANG_WARN_COMMA = YES;
				CLANG_WARN_CONSTANT_CONVERSION = YES;
				CLANG_WARN_DEPRECATED_OBJC_IMPLEMENTATIONS = YES;
				CLANG_WARN_DIRECT_OBJC_ISA_USAGE = YES_ERROR;
				CLANG_WARN_DOCUMENTATION_COMMENTS = YES;
				CLANG_WARN_EMPTY_BODY = YES;
				CLANG_WARN_ENUM_CONVERSION = YES;
				CLANG_WARN_INFINITE_RECURSION = YES;
				CLANG_WARN_INT_CONVERSION = YES;
				CLANG_WARN_NON_LITERAL_NULL_CONVERSION = YES;
				CLANG_WARN_OBJC_IMPLICIT_RETAIN_SELF = YES;
				CLANG_WARN_OBJC_LITERAL_CONVERSION = YES;
				CLANG_WARN_OBJC_ROOT_CLASS = YES_ERROR;
				CLANG_WARN_QUOTED_INCLUDE_IN_FRAMEWORK_HEADER = YES;
				CLANG_WARN_RANGE_LOOP_ANALYSIS = YES;
				CLANG_WARN_STRICT_PROTOTYPES = YES;
				CLANG_WARN_SUSPICIOUS_MOVE = YES;
				CLANG_WARN_UNGUARDED_AVAILABILITY = YES_AGGRESSIVE;
				CLANG_WARN_UNREACHABLE_CODE = YES;
				CLANG_WARN__DUPLICATE_METHOD_MATCH = YES;
				COPY_PHASE_STRIP = NO;
				DEBUG_INFORMATION_FORMAT = "dwarf-with-dsym";
				ENABLE_NS_ASSERTIONS = NO;
				ENABLE_STRICT_OBJC_MSGSEND = YES;
				GCC_C_LANGUAGE_STANDARD = gnu11;
				GCC_NO_COMMON_BLOCKS = YES;
				GCC_WARN_64_TO_32_BIT_CONVERSION = YES;
				GCC_WARN_ABOUT_RETURN_TYPE = YES_ERROR;
				GCC_WARN_UNDECLARED_SELECTOR = YES;
				GCC_WARN_UNINITIALIZED_AUTOS = YES_AGGRESSIVE;
				GCC_WARN_UNUSED_FUNCTION = YES;
				GCC_WARN_UNUSED_VARIABLE = YES;
				IPHONEOS_DEPLOYMENT_TARGET = 15.0;
				MTL_ENABLE_DEBUG_INFO = NO;
				MTL_FAST_MATH = YES;
				SDKROOT = iphoneos;
				SWIFT_COMPILATION_MODE = wholemodule;
				SWIFT_OPTIMIZATION_LEVEL = "-O";
				VALIDATE_PRODUCT = YES;
			};
			name = Release;
		};
		AA439D692AEF9C7900D2D383 /* Debug */ = {
			isa = XCBuildConfiguration;
			buildSettings = {
				ASSETCATALOG_COMPILER_APPICON_NAME = AppIcon;
				ASSETCATALOG_COMPILER_GLOBAL_ACCENT_COLOR_NAME = AccentColor;
				CODE_SIGN_STYLE = Automatic;
				CURRENT_PROJECT_VERSION = 1;
				DEVELOPMENT_ASSET_PATHS = "\"Workout Tracker/Preview Content\"";
				DEVELOPMENT_TEAM = 6GS675XAJ5;
				ENABLE_PREVIEWS = YES;
				GENERATE_INFOPLIST_FILE = YES;
				INFOPLIST_KEY_CFBundleDisplayName = "Workout Trackr";
				INFOPLIST_KEY_LSApplicationCategoryType = "public.app-category.utilities";
				INFOPLIST_KEY_UIApplicationSceneManifest_Generation = YES;
				INFOPLIST_KEY_UIApplicationSupportsIndirectInputEvents = YES;
				INFOPLIST_KEY_UILaunchScreen_Generation = YES;
				INFOPLIST_KEY_UISupportedInterfaceOrientations_iPad = "UIInterfaceOrientationPortrait UIInterfaceOrientationPortraitUpsideDown UIInterfaceOrientationLandscapeLeft UIInterfaceOrientationLandscapeRight";
				INFOPLIST_KEY_UISupportedInterfaceOrientations_iPhone = "UIInterfaceOrientationPortrait UIInterfaceOrientationLandscapeLeft UIInterfaceOrientationLandscapeRight";
				IPHONEOS_DEPLOYMENT_TARGET = 15.0;
				LD_RUNPATH_SEARCH_PATHS = (
					"$(inherited)",
					"@executable_path/Frameworks",
				);
				MARKETING_VERSION = 0.1.1;
				PRODUCT_BUNDLE_IDENTIFIER = "com.wtanil.Workout-Tracker";
				PRODUCT_NAME = "$(TARGET_NAME)";
				SUPPORTED_PLATFORMS = "iphoneos iphonesimulator";
				SUPPORTS_MACCATALYST = NO;
				SUPPORTS_MAC_DESIGNED_FOR_IPHONE_IPAD = NO;
				SWIFT_EMIT_LOC_STRINGS = YES;
				SWIFT_VERSION = 5.0;
				TARGETED_DEVICE_FAMILY = 1;
			};
			name = Debug;
		};
		AA439D6A2AEF9C7900D2D383 /* Release */ = {
			isa = XCBuildConfiguration;
			buildSettings = {
				ASSETCATALOG_COMPILER_APPICON_NAME = AppIcon;
				ASSETCATALOG_COMPILER_GLOBAL_ACCENT_COLOR_NAME = AccentColor;
				CODE_SIGN_STYLE = Automatic;
				CURRENT_PROJECT_VERSION = 1;
				DEVELOPMENT_ASSET_PATHS = "\"Workout Tracker/Preview Content\"";
				DEVELOPMENT_TEAM = 6GS675XAJ5;
				ENABLE_PREVIEWS = YES;
				GENERATE_INFOPLIST_FILE = YES;
				INFOPLIST_KEY_CFBundleDisplayName = "Workout Trackr";
				INFOPLIST_KEY_LSApplicationCategoryType = "public.app-category.utilities";
				INFOPLIST_KEY_UIApplicationSceneManifest_Generation = YES;
				INFOPLIST_KEY_UIApplicationSupportsIndirectInputEvents = YES;
				INFOPLIST_KEY_UILaunchScreen_Generation = YES;
				INFOPLIST_KEY_UISupportedInterfaceOrientations_iPad = "UIInterfaceOrientationPortrait UIInterfaceOrientationPortraitUpsideDown UIInterfaceOrientationLandscapeLeft UIInterfaceOrientationLandscapeRight";
				INFOPLIST_KEY_UISupportedInterfaceOrientations_iPhone = "UIInterfaceOrientationPortrait UIInterfaceOrientationLandscapeLeft UIInterfaceOrientationLandscapeRight";
				IPHONEOS_DEPLOYMENT_TARGET = 15.0;
				LD_RUNPATH_SEARCH_PATHS = (
					"$(inherited)",
					"@executable_path/Frameworks",
				);
				MARKETING_VERSION = 0.1.1;
				PRODUCT_BUNDLE_IDENTIFIER = "com.wtanil.Workout-Tracker";
				PRODUCT_NAME = "$(TARGET_NAME)";
				SUPPORTED_PLATFORMS = "iphoneos iphonesimulator";
				SUPPORTS_MACCATALYST = NO;
				SUPPORTS_MAC_DESIGNED_FOR_IPHONE_IPAD = NO;
				SWIFT_EMIT_LOC_STRINGS = YES;
				SWIFT_VERSION = 5.0;
				TARGETED_DEVICE_FAMILY = 1;
			};
			name = Release;
		};
		AA439D6C2AEF9C7900D2D383 /* Debug */ = {
			isa = XCBuildConfiguration;
			buildSettings = {
				ALWAYS_EMBED_SWIFT_STANDARD_LIBRARIES = YES;
				BUNDLE_LOADER = "$(TEST_HOST)";
				CODE_SIGN_STYLE = Automatic;
				CURRENT_PROJECT_VERSION = 1;
				DEVELOPMENT_TEAM = 6GS675XAJ5;
				GENERATE_INFOPLIST_FILE = YES;
				IPHONEOS_DEPLOYMENT_TARGET = 16.2;
				MARKETING_VERSION = 1.0;
				PRODUCT_BUNDLE_IDENTIFIER = "com.wtanil.Workout-TrackerTests";
				PRODUCT_NAME = "$(TARGET_NAME)";
				SWIFT_EMIT_LOC_STRINGS = NO;
				SWIFT_VERSION = 5.0;
				TARGETED_DEVICE_FAMILY = "1,2";
				TEST_HOST = "$(BUILT_PRODUCTS_DIR)/Workout Tracker.app/$(BUNDLE_EXECUTABLE_FOLDER_PATH)/Workout Tracker";
			};
			name = Debug;
		};
		AA439D6D2AEF9C7900D2D383 /* Release */ = {
			isa = XCBuildConfiguration;
			buildSettings = {
				ALWAYS_EMBED_SWIFT_STANDARD_LIBRARIES = YES;
				BUNDLE_LOADER = "$(TEST_HOST)";
				CODE_SIGN_STYLE = Automatic;
				CURRENT_PROJECT_VERSION = 1;
				DEVELOPMENT_TEAM = 6GS675XAJ5;
				GENERATE_INFOPLIST_FILE = YES;
				IPHONEOS_DEPLOYMENT_TARGET = 16.2;
				MARKETING_VERSION = 1.0;
				PRODUCT_BUNDLE_IDENTIFIER = "com.wtanil.Workout-TrackerTests";
				PRODUCT_NAME = "$(TARGET_NAME)";
				SWIFT_EMIT_LOC_STRINGS = NO;
				SWIFT_VERSION = 5.0;
				TARGETED_DEVICE_FAMILY = "1,2";
				TEST_HOST = "$(BUILT_PRODUCTS_DIR)/Workout Tracker.app/$(BUNDLE_EXECUTABLE_FOLDER_PATH)/Workout Tracker";
			};
			name = Release;
		};
		AA439D6F2AEF9C7900D2D383 /* Debug */ = {
			isa = XCBuildConfiguration;
			buildSettings = {
				ALWAYS_EMBED_SWIFT_STANDARD_LIBRARIES = YES;
				CODE_SIGN_STYLE = Automatic;
				CURRENT_PROJECT_VERSION = 1;
				DEVELOPMENT_TEAM = 6GS675XAJ5;
				GENERATE_INFOPLIST_FILE = YES;
				MARKETING_VERSION = 1.0;
				PRODUCT_BUNDLE_IDENTIFIER = "com.wtanil.Workout-TrackerUITests";
				PRODUCT_NAME = "$(TARGET_NAME)";
				SWIFT_EMIT_LOC_STRINGS = NO;
				SWIFT_VERSION = 5.0;
				TARGETED_DEVICE_FAMILY = "1,2";
				TEST_TARGET_NAME = "Workout Tracker";
			};
			name = Debug;
		};
		AA439D702AEF9C7900D2D383 /* Release */ = {
			isa = XCBuildConfiguration;
			buildSettings = {
				ALWAYS_EMBED_SWIFT_STANDARD_LIBRARIES = YES;
				CODE_SIGN_STYLE = Automatic;
				CURRENT_PROJECT_VERSION = 1;
				DEVELOPMENT_TEAM = 6GS675XAJ5;
				GENERATE_INFOPLIST_FILE = YES;
				MARKETING_VERSION = 1.0;
				PRODUCT_BUNDLE_IDENTIFIER = "com.wtanil.Workout-TrackerUITests";
				PRODUCT_NAME = "$(TARGET_NAME)";
				SWIFT_EMIT_LOC_STRINGS = NO;
				SWIFT_VERSION = 5.0;
				TARGETED_DEVICE_FAMILY = "1,2";
				TEST_TARGET_NAME = "Workout Tracker";
			};
			name = Release;
		};
/* End XCBuildConfiguration section */

/* Begin XCConfigurationList section */
		AA439D3A2AEF9C7600D2D383 /* Build configuration list for PBXProject "Workout Tracker" */ = {
			isa = XCConfigurationList;
			buildConfigurations = (
				AA439D662AEF9C7900D2D383 /* Debug */,
				AA439D672AEF9C7900D2D383 /* Release */,
			);
			defaultConfigurationIsVisible = 0;
			defaultConfigurationName = Release;
		};
		AA439D682AEF9C7900D2D383 /* Build configuration list for PBXNativeTarget "Workout Tracker" */ = {
			isa = XCConfigurationList;
			buildConfigurations = (
				AA439D692AEF9C7900D2D383 /* Debug */,
				AA439D6A2AEF9C7900D2D383 /* Release */,
			);
			defaultConfigurationIsVisible = 0;
			defaultConfigurationName = Release;
		};
		AA439D6B2AEF9C7900D2D383 /* Build configuration list for PBXNativeTarget "Workout TrackerTests" */ = {
			isa = XCConfigurationList;
			buildConfigurations = (
				AA439D6C2AEF9C7900D2D383 /* Debug */,
				AA439D6D2AEF9C7900D2D383 /* Release */,
			);
			defaultConfigurationIsVisible = 0;
			defaultConfigurationName = Release;
		};
		AA439D6E2AEF9C7900D2D383 /* Build configuration list for PBXNativeTarget "Workout TrackerUITests" */ = {
			isa = XCConfigurationList;
			buildConfigurations = (
				AA439D6F2AEF9C7900D2D383 /* Debug */,
				AA439D702AEF9C7900D2D383 /* Release */,
			);
			defaultConfigurationIsVisible = 0;
			defaultConfigurationName = Release;
		};
/* End XCConfigurationList section */

/* Begin XCVersionGroup section */
		AA439D4D2AEF9C7800D2D383 /* Workout_Tracker.xcdatamodeld */ = {
			isa = XCVersionGroup;
			children = (
				AA8CCAD52B10C58F00A972A9 /* Workout_Tracker 2.xcdatamodel */,
				AA439D4E2AEF9C7800D2D383 /* Workout_Tracker.xcdatamodel */,
			);
			currentVersion = AA8CCAD52B10C58F00A972A9 /* Workout_Tracker 2.xcdatamodel */;
			path = Workout_Tracker.xcdatamodeld;
			sourceTree = "<group>";
			versionGroupType = wrapper.xcdatamodel;
		};
/* End XCVersionGroup section */
	};
	rootObject = AA439D372AEF9C7600D2D383 /* Project object */;
}
